<?xml version="1.0" encoding="utf-8"?>
<Project ToolsVersion="4.0" xmlns="http://schemas.microsoft.com/developer/msbuild/2003">
  <ItemGroup>
    <Filter Include="リソース ファイル">
      <UniqueIdentifier>{67DA6AB6-F800-4c08-8B7A-83BB121AAD01}</UniqueIdentifier>
      <Extensions>rc;ico;cur;bmp;dlg;rc2;rct;bin;rgs;gif;jpg;jpeg;jpe;resx;tiff;tif;png;wav;mfcribbon-ms</Extensions>
    </Filter>
    <Filter Include="Core Source">
      <UniqueIdentifier>{4FC737F1-C7A5-4376-A066-2A32D752A2FF}</UniqueIdentifier>
      <Extensions>cpp;c;cc;cxx;def;odl;idl;hpj;bat;asm;asmx</Extensions>
    </Filter>
    <Filter Include="Core Includes">
      <UniqueIdentifier>{93995380-89BD-4b04-88EB-625FBE52EBFB}</UniqueIdentifier>
      <Extensions>h;hh;hpp;hxx;hm;inl;inc;xsd</Extensions>
    </Filter>
    <Filter Include="Win32 Source">
      <UniqueIdentifier>{b082252a-6476-4478-86a7-bdb31c4dcfae}</UniqueIdentifier>
      <Extensions>cpp;c;cc;cxx;def;odl;idl;hpj;bat;asm;asmx</Extensions>
    </Filter>
    <Filter Include="Win32 Includes">
      <UniqueIdentifier>{8386bd40-d195-4956-842d-5f028db0e43f}</UniqueIdentifier>
      <Extensions>h;hh;hpp;hxx;hm;inl;inc;xsd</Extensions>
    </Filter>
  </ItemGroup>
  <ItemGroup>
    <ClInclude Include="..\..\common\asf.h">
      <Filter>Core Includes</Filter>
    </ClInclude>
    <ClInclude Include="..\..\common\atom.h">
      <Filter>Core Includes</Filter>
    </ClInclude>
    <ClInclude Include="..\..\common\cgi.h">
      <Filter>Core Includes</Filter>
    </ClInclude>
    <ClInclude Include="..\..\common\chandir.h">
      <Filter>Core Includes</Filter>
    </ClInclude>
    <ClInclude Include="..\..\common\chanhit.h">
      <Filter>Core Includes</Filter>
    </ClInclude>
    <ClInclude Include="..\..\common\chaninfo.h">
      <Filter>Core Includes</Filter>
    </ClInclude>
    <ClInclude Include="..\..\common\chanmgr.h">
      <Filter>Core Includes</Filter>
    </ClInclude>
    <ClInclude Include="..\..\common\channel.h">
      <Filter>Core Includes</Filter>
    </ClInclude>
    <ClInclude Include="..\..\common\common.h">
      <Filter>Core Includes</Filter>
    </ClInclude>
    <ClInclude Include="..\..\common\config.h">
      <Filter>Core Includes</Filter>
    </ClInclude>
    <ClInclude Include="..\..\common\critsec.h">
      <Filter>Core Includes</Filter>
    </ClInclude>
    <ClInclude Include="..\..\common\cstream.h">
      <Filter>Core Includes</Filter>
    </ClInclude>
    <ClInclude Include="..\..\common\dechunker.h">
      <Filter>Core Includes</Filter>
    </ClInclude>
    <ClInclude Include="..\..\common\defer.h">
      <Filter>Core Includes</Filter>
    </ClInclude>
    <ClInclude Include="..\..\common\env.h">
      <Filter>Core Includes</Filter>
    </ClInclude>
    <ClInclude Include="..\..\common\flv.h">
      <Filter>Core Includes</Filter>
    </ClInclude>
    <ClInclude Include="..\..\common\gnuid.h">
      <Filter>Core Includes</Filter>
    </ClInclude>
    <ClInclude Include="..\..\common\gnutella.h">
      <Filter>Core Includes</Filter>
    </ClInclude>
    <ClInclude Include="..\..\common\host.h">
      <Filter>Core Includes</Filter>
    </ClInclude>
    <ClInclude Include="..\..\common\html.h">
      <Filter>Core Includes</Filter>
    </ClInclude>
    <ClInclude Include="..\..\common\http.h">
      <Filter>Core Includes</Filter>
    </ClInclude>
    <ClInclude Include="..\..\common\httppush.h">
      <Filter>Core Includes</Filter>
    </ClInclude>
    <ClInclude Include="..\..\common\icy.h">
      <Filter>Core Includes</Filter>
    </ClInclude>
    <ClInclude Include="..\..\common\id.h">
      <Filter>Core Includes</Filter>
    </ClInclude>
    <ClInclude Include="..\..\common\inifile.h">
      <Filter>Core Includes</Filter>
    </ClInclude>
    <ClInclude Include="..\..\common\jis.h">
      <Filter>Core Includes</Filter>
    </ClInclude>
    <ClInclude Include="..\..\common\jrpc.h">
      <Filter>Core Includes</Filter>
    </ClInclude>
    <ClInclude Include="..\..\common\LUrlParser.h">
      <Filter>Core Includes</Filter>
    </ClInclude>
    <ClInclude Include="..\..\common\mapper.h">
      <Filter>Core Includes</Filter>
    </ClInclude>
    <ClInclude Include="..\..\common\matroska.h">
      <Filter>Core Includes</Filter>
    </ClInclude>
    <ClInclude Include="..\..\common\md5.h">
      <Filter>Core Includes</Filter>
    </ClInclude>
    <ClInclude Include="..\..\common\mkv.h">
      <Filter>Core Includes</Filter>
    </ClInclude>
    <ClInclude Include="..\..\common\mms.h">
      <Filter>Core Includes</Filter>
    </ClInclude>
    <ClInclude Include="..\..\common\mp3.h">
      <Filter>Core Includes</Filter>
    </ClInclude>
    <ClInclude Include="..\..\common\notif.h">
      <Filter>Core Includes</Filter>
    </ClInclude>
    <ClInclude Include="..\..\common\nsv.h">
      <Filter>Core Includes</Filter>
    </ClInclude>
    <ClInclude Include="..\..\common\ogg.h">
      <Filter>Core Includes</Filter>
    </ClInclude>
    <ClInclude Include="..\..\common\pcp.h">
      <Filter>Core Includes</Filter>
    </ClInclude>
    <ClInclude Include="..\..\common\peercast.h">
      <Filter>Core Includes</Filter>
    </ClInclude>
    <ClInclude Include="..\..\common\playlist.h">
      <Filter>Core Includes</Filter>
    </ClInclude>
    <ClInclude Include="..\..\common\public.h">
      <Filter>Core Includes</Filter>
    </ClInclude>
    <ClInclude Include="..\..\common\regexp.h">
      <Filter>Core Includes</Filter>
    </ClInclude>
    <ClInclude Include="..\..\common\servent.h">
      <Filter>Core Includes</Filter>
    </ClInclude>
    <ClInclude Include="..\..\common\servmgr.h">
      <Filter>Core Includes</Filter>
    </ClInclude>
    <ClInclude Include="..\..\common\socket.h">
      <Filter>Core Includes</Filter>
    </ClInclude>
    <ClInclude Include="..\..\common\sstream.h">
      <Filter>Core Includes</Filter>
    </ClInclude>
    <ClInclude Include="..\..\common\stats.h">
      <Filter>Core Includes</Filter>
    </ClInclude>
    <ClInclude Include="..\..\common\str.h">
      <Filter>Core Includes</Filter>
    </ClInclude>
    <ClInclude Include="..\..\common\stream.h">
      <Filter>Core Includes</Filter>
    </ClInclude>
    <ClInclude Include="..\..\common\sys.h">
      <Filter>Core Includes</Filter>
    </ClInclude>
    <ClInclude Include="..\..\common\template.h">
      <Filter>Core Includes</Filter>
    </ClInclude>
    <ClInclude Include="..\..\common\uri.h">
      <Filter>Core Includes</Filter>
    </ClInclude>
    <ClInclude Include="..\..\common\url.h">
      <Filter>Core Includes</Filter>
    </ClInclude>
    <ClInclude Include="..\..\common\varwriter.h">
      <Filter>Core Includes</Filter>
    </ClInclude>
    <ClInclude Include="..\..\common\version2.h">
      <Filter>Core Includes</Filter>
    </ClInclude>
    <ClInclude Include="..\..\common\wmhttp.h">
      <Filter>Core Includes</Filter>
    </ClInclude>
    <ClInclude Include="..\..\common\xml.h">
      <Filter>Core Includes</Filter>
    </ClInclude>
    <ClInclude Include="..\..\common\_string.h">
      <Filter>Core Includes</Filter>
    </ClInclude>
    <ClInclude Include="..\..\common\json.hpp">
      <Filter>Core Includes</Filter>
    </ClInclude>
    <ClInclude Include="..\wsocket.h">
      <Filter>Win32 Includes</Filter>
    </ClInclude>
    <ClInclude Include="..\wsys.h">
      <Filter>Win32 Includes</Filter>
    </ClInclude>
    <ClInclude Include="..\..\common\subprog.h">
      <Filter>Core Includes</Filter>
    </ClInclude>
  </ItemGroup>
  <ItemGroup>
    <ClCompile Include="..\..\common\cgi.cpp">
      <Filter>Core Source</Filter>
    </ClCompile>
    <ClCompile Include="..\..\common\chandir.cpp">
      <Filter>Core Source</Filter>
    </ClCompile>
    <ClCompile Include="..\..\common\chanhit.cpp">
      <Filter>Core Source</Filter>
    </ClCompile>
    <ClCompile Include="..\..\common\chaninfo.cpp">
      <Filter>Core Source</Filter>
    </ClCompile>
    <ClCompile Include="..\..\common\chanmgr.cpp">
      <Filter>Core Source</Filter>
    </ClCompile>
    <ClCompile Include="..\..\common\channel.cpp">
      <Filter>Core Source</Filter>
    </ClCompile>
    <ClCompile Include="..\..\common\cstream.cpp">
      <Filter>Core Source</Filter>
    </ClCompile>
    <ClCompile Include="..\..\common\dechunker.cpp">
      <Filter>Core Source</Filter>
    </ClCompile>
    <ClCompile Include="..\..\common\env.cpp">
      <Filter>Core Source</Filter>
    </ClCompile>
    <ClCompile Include="..\..\common\flv.cpp">
      <Filter>Core Source</Filter>
    </ClCompile>
    <ClCompile Include="..\..\common\gnuid.cpp">
      <Filter>Core Source</Filter>
    </ClCompile>
    <ClCompile Include="..\..\common\gnutella.cpp">
      <Filter>Core Source</Filter>
    </ClCompile>
    <ClCompile Include="..\..\common\host.cpp">
      <Filter>Core Source</Filter>
    </ClCompile>
    <ClCompile Include="..\..\common\html.cpp">
      <Filter>Core Source</Filter>
    </ClCompile>
    <ClCompile Include="..\..\common\http.cpp">
      <Filter>Core Source</Filter>
    </ClCompile>
    <ClCompile Include="..\..\common\httppush.cpp">
      <Filter>Core Source</Filter>
    </ClCompile>
    <ClCompile Include="..\..\common\icy.cpp">
      <Filter>Core Source</Filter>
    </ClCompile>
    <ClCompile Include="..\..\common\inifile.cpp">
      <Filter>Core Source</Filter>
    </ClCompile>
    <ClCompile Include="..\..\common\jis.cpp">
      <Filter>Core Source</Filter>
    </ClCompile>
    <ClCompile Include="..\..\common\jrpc.cpp">
      <Filter>Core Source</Filter>
    </ClCompile>
    <ClCompile Include="..\..\common\LUrlParser.cpp">
      <Filter>Core Source</Filter>
    </ClCompile>
    <ClCompile Include="..\..\common\mapper.cpp">
      <Filter>Core Source</Filter>
    </ClCompile>
    <ClCompile Include="..\..\common\md5.cpp">
      <Filter>Core Source</Filter>
    </ClCompile>
    <ClCompile Include="..\..\common\mkv.cpp">
      <Filter>Core Source</Filter>
    </ClCompile>
    <ClCompile Include="..\..\common\mms.cpp">
      <Filter>Core Source</Filter>
    </ClCompile>
    <ClCompile Include="..\..\common\mp3.cpp">
      <Filter>Core Source</Filter>
    </ClCompile>
    <ClCompile Include="..\..\common\notif.cpp">
      <Filter>Core Source</Filter>
    </ClCompile>
    <ClCompile Include="..\..\common\nsv.cpp">
      <Filter>Core Source</Filter>
    </ClCompile>
    <ClCompile Include="..\..\common\ogg.cpp">
      <Filter>Core Source</Filter>
    </ClCompile>
    <ClCompile Include="..\..\common\pcp.cpp">
      <Filter>Core Source</Filter>
    </ClCompile>
    <ClCompile Include="..\..\common\peercast.cpp">
      <Filter>Core Source</Filter>
    </ClCompile>
    <ClCompile Include="..\..\common\playlist.cpp">
      <Filter>Core Source</Filter>
    </ClCompile>
    <ClCompile Include="..\..\common\public.cpp">
      <Filter>Core Source</Filter>
    </ClCompile>
    <ClCompile Include="..\..\common\regexp.cpp">
      <Filter>Core Source</Filter>
    </ClCompile>
    <ClCompile Include="..\..\common\servent.cpp">
      <Filter>Core Source</Filter>
    </ClCompile>
    <ClCompile Include="..\..\common\servhs.cpp">
      <Filter>Core Source</Filter>
    </ClCompile>
    <ClCompile Include="..\..\common\servmgr.cpp">
      <Filter>Core Source</Filter>
    </ClCompile>
    <ClCompile Include="..\..\common\sstream.cpp">
      <Filter>Core Source</Filter>
    </ClCompile>
    <ClCompile Include="..\..\common\stats.cpp">
      <Filter>Core Source</Filter>
    </ClCompile>
    <ClCompile Include="..\..\common\str.cpp">
      <Filter>Core Source</Filter>
    </ClCompile>
    <ClCompile Include="..\..\common\stream.cpp">
      <Filter>Core Source</Filter>
    </ClCompile>
    <ClCompile Include="..\..\common\sys.cpp">
      <Filter>Core Source</Filter>
    </ClCompile>
    <ClCompile Include="..\..\common\template.cpp">
      <Filter>Core Source</Filter>
    </ClCompile>
    <ClCompile Include="..\..\common\uri.cpp">
      <Filter>Core Source</Filter>
    </ClCompile>
    <ClCompile Include="..\..\common\url.cpp">
      <Filter>Core Source</Filter>
    </ClCompile>
    <ClCompile Include="..\..\common\wmhttp.cpp">
      <Filter>Core Source</Filter>
    </ClCompile>
    <ClCompile Include="..\..\common\xml.cpp">
      <Filter>Core Source</Filter>
    </ClCompile>
    <ClCompile Include="..\..\common\_string.cpp">
      <Filter>Core Source</Filter>
    </ClCompile>
    <ClCompile Include="..\wsocket.cpp">
      <Filter>Win32 Source</Filter>
    </ClCompile>
    <ClCompile Include="..\wsys.cpp">
      <Filter>Win32 Source</Filter>
    </ClCompile>
    <ClCompile Include="..\..\common\subprog.cpp">
      <Filter>Core Source</Filter>
    </ClCompile>
  </ItemGroup>
</Project>